<?xml version="1.0" encoding="utf-8"?>
<Project ToolsVersion="4.0" xmlns="http://schemas.microsoft.com/developer/msbuild/2003">
  <ItemGroup>
    <Filter Include="Source Files">
      <UniqueIdentifier>{4FC737F1-C7A5-4376-A066-2A32D752A2FF}</UniqueIdentifier>
      <Extensions>cpp;c;cc;cxx;c++;cppm;ixx;def;odl;idl;hpj;bat;asm;asmx</Extensions>
    </Filter>
    <Filter Include="ShaderStuff">
      <UniqueIdentifier>{bb68c0b0-4402-4772-9de0-db8e8ceb4ae4}</UniqueIdentifier>
    </Filter>
    <Filter Include="Headers">
      <UniqueIdentifier>{e95cb5b8-50bc-48ad-8867-47bb640f65b9}</UniqueIdentifier>
    </Filter>
  </ItemGroup>
  <ItemGroup>
    <ClCompile Include="theMain.cpp">
      <Filter>Source Files</Filter>
    </ClCompile>
    <ClCompile Include="glad.c">
      <Filter>Source Files</Filter>
    </ClCompile>
    <ClCompile Include="cShaderManager\cShader.cpp">
      <Filter>ShaderStuff</Filter>
    </ClCompile>
    <ClCompile Include="cShaderManager\cShaderManager.cpp">
      <Filter>ShaderStuff</Filter>
    </ClCompile>
  </ItemGroup>
  <ItemGroup>
    <ClInclude Include="cShaderManager\cShaderManager.h">
      <Filter>ShaderStuff</Filter>
    </ClInclude>
    <ClInclude Include="globalStuff.h">
      <Filter>Headers</Filter>
    </ClInclude>
  </ItemGroup>
</Project>